
Microsoft Visual Studio Solution File, Format Version 12.00
# Visual Studio 14
VisualStudioVersion = 14.0.25123.0
MinimumVisualStudioVersion = 10.0.40219.1
Project("{FAE04EC0-301F-11D3-BF4B-00C04F79EFBC}") = "Location.Droid", "Location.Android\Location.Droid.csproj", "{89E83FD6-327A-4976-B720-E28B0970F516}"
EndProject
Project("{FAE04EC0-301F-11D3-BF4B-00C04F79EFBC}") = "WebMap", "WebMap\WebMap.csproj", "{1083953C-45E3-4A81-B21D-467338062990}"
EndProject
Global
	GlobalSection(SolutionConfigurationPlatforms) = preSolution
		Ad-Hoc|Android = Ad-Hoc|Android
		Ad-Hoc|Any CPU = Ad-Hoc|Any CPU
		Ad-Hoc|ARM = Ad-Hoc|ARM
		Ad-Hoc|iOS = Ad-Hoc|iOS
		Ad-Hoc|iPhone = Ad-Hoc|iPhone
		Ad-Hoc|iPhoneSimulator = Ad-Hoc|iPhoneSimulator
		Ad-Hoc|Windows Phone (Universal) = Ad-Hoc|Windows Phone (Universal)
		Ad-Hoc|Windows Phone 8 = Ad-Hoc|Windows Phone 8
		Ad-Hoc|Windows-AnyCPU = Ad-Hoc|Windows-AnyCPU
		Ad-Hoc|Windows-ARM = Ad-Hoc|Windows-ARM
		Ad-Hoc|Windows-x64 = Ad-Hoc|Windows-x64
		Ad-Hoc|Windows-x86 = Ad-Hoc|Windows-x86
		Ad-Hoc|x64 = Ad-Hoc|x64
		Ad-Hoc|x86 = Ad-Hoc|x86
		AppStore|Android = AppStore|Android
		AppStore|Any CPU = AppStore|Any CPU
		AppStore|ARM = AppStore|ARM
		AppStore|iOS = AppStore|iOS
		AppStore|iPhone = AppStore|iPhone
		AppStore|iPhoneSimulator = AppStore|iPhoneSimulator
		AppStore|Windows Phone (Universal) = AppStore|Windows Phone (Universal)
		AppStore|Windows Phone 8 = AppStore|Windows Phone 8
		AppStore|Windows-AnyCPU = AppStore|Windows-AnyCPU
		AppStore|Windows-ARM = AppStore|Windows-ARM
		AppStore|Windows-x64 = AppStore|Windows-x64
		AppStore|Windows-x86 = AppStore|Windows-x86
		AppStore|x64 = AppStore|x64
		AppStore|x86 = AppStore|x86
		Debug|Android = Debug|Android
		Debug|Any CPU = Debug|Any CPU
		Debug|ARM = Debug|ARM
		Debug|iOS = Debug|iOS
		Debug|iPhone = Debug|iPhone
		Debug|iPhoneSimulator = Debug|iPhoneSimulator
		Debug|Windows Phone (Universal) = Debug|Windows Phone (Universal)
		Debug|Windows Phone 8 = Debug|Windows Phone 8
		Debug|Windows-AnyCPU = Debug|Windows-AnyCPU
		Debug|Windows-ARM = Debug|Windows-ARM
		Debug|Windows-x64 = Debug|Windows-x64
		Debug|Windows-x86 = Debug|Windows-x86
		Debug|x64 = Debug|x64
		Debug|x86 = Debug|x86
		Release|Android = Release|Android
		Release|Any CPU = Release|Any CPU
		Release|ARM = Release|ARM
		Release|iOS = Release|iOS
		Release|iPhone = Release|iPhone
		Release|iPhoneSimulator = Release|iPhoneSimulator
		Release|Windows Phone (Universal) = Release|Windows Phone (Universal)
		Release|Windows Phone 8 = Release|Windows Phone 8
		Release|Windows-AnyCPU = Release|Windows-AnyCPU
		Release|Windows-ARM = Release|Windows-ARM
		Release|Windows-x64 = Release|Windows-x64
		Release|Windows-x86 = Release|Windows-x86
		Release|x64 = Release|x64
		Release|x86 = Release|x86
	EndGlobalSection
	GlobalSection(ProjectConfigurationPlatforms) = postSolution
		{89E83FD6-327A-4976-B720-E28B0970F516}.Ad-Hoc|Android.ActiveCfg = Release|Any CPU
		{89E83FD6-327A-4976-B720-E28B0970F516}.Ad-Hoc|Android.Build.0 = Release|Any CPU
		{89E83FD6-327A-4976-B720-E28B0970F516}.Ad-Hoc|Android.Deploy.0 = Release|Any CPU
		{89E83FD6-327A-4976-B720-E28B0970F516}.Ad-Hoc|Any CPU.ActiveCfg = Debug|Any CPU
		{89E83FD6-327A-4976-B720-E28B0970F516}.Ad-Hoc|Any CPU.Build.0 = Debug|Any CPU
		{89E83FD6-327A-4976-B720-E28B0970F516}.Ad-Hoc|Any CPU.Deploy.0 = Debug|Any CPU
		{89E83FD6-327A-4976-B720-E28B0970F516}.Ad-Hoc|ARM.ActiveCfg = Release|Any CPU
		{89E83FD6-327A-4976-B720-E28B0970F516}.Ad-Hoc|ARM.Build.0 = Release|Any CPU
		{89E83FD6-327A-4976-B720-E28B0970F516}.Ad-Hoc|ARM.Deploy.0 = Release|Any CPU
		{89E83FD6-327A-4976-B720-E28B0970F516}.Ad-Hoc|iOS.ActiveCfg = Release|Any CPU
		{89E83FD6-327A-4976-B720-E28B0970F516}.Ad-Hoc|iOS.Build.0 = Release|Any CPU
		{89E83FD6-327A-4976-B720-E28B0970F516}.Ad-Hoc|iOS.Deploy.0 = Release|Any CPU
		{89E83FD6-327A-4976-B720-E28B0970F516}.Ad-Hoc|iPhone.ActiveCfg = Release|Any CPU
		{89E83FD6-327A-4976-B720-E28B0970F516}.Ad-Hoc|iPhone.Build.0 = Release|Any CPU
		{89E83FD6-327A-4976-B720-E28B0970F516}.Ad-Hoc|iPhoneSimulator.ActiveCfg = Debug|Any CPU
		{89E83FD6-327A-4976-B720-E28B0970F516}.Ad-Hoc|iPhoneSimulator.Build.0 = Debug|Any CPU
		{89E83FD6-327A-4976-B720-E28B0970F516}.Ad-Hoc|iPhoneSimulator.Deploy.0 = Debug|Any CPU
		{89E83FD6-327A-4976-B720-E28B0970F516}.Ad-Hoc|Windows Phone (Universal).ActiveCfg = Release|Any CPU
		{89E83FD6-327A-4976-B720-E28B0970F516}.Ad-Hoc|Windows Phone (Universal).Build.0 = Release|Any CPU
		{89E83FD6-327A-4976-B720-E28B0970F516}.Ad-Hoc|Windows Phone (Universal).Deploy.0 = Release|Any CPU
		{89E83FD6-327A-4976-B720-E28B0970F516}.Ad-Hoc|Windows Phone 8.ActiveCfg = Release|Any CPU
		{89E83FD6-327A-4976-B720-E28B0970F516}.Ad-Hoc|Windows Phone 8.Build.0 = Release|Any CPU
		{89E83FD6-327A-4976-B720-E28B0970F516}.Ad-Hoc|Windows Phone 8.Deploy.0 = Release|Any CPU
		{89E83FD6-327A-4976-B720-E28B0970F516}.Ad-Hoc|Windows-AnyCPU.ActiveCfg = Release|Any CPU
		{89E83FD6-327A-4976-B720-E28B0970F516}.Ad-Hoc|Windows-AnyCPU.Build.0 = Release|Any CPU
		{89E83FD6-327A-4976-B720-E28B0970F516}.Ad-Hoc|Windows-AnyCPU.Deploy.0 = Release|Any CPU
		{89E83FD6-327A-4976-B720-E28B0970F516}.Ad-Hoc|Windows-ARM.ActiveCfg = Release|Any CPU
		{89E83FD6-327A-4976-B720-E28B0970F516}.Ad-Hoc|Windows-ARM.Build.0 = Release|Any CPU
		{89E83FD6-327A-4976-B720-E28B0970F516}.Ad-Hoc|Windows-ARM.Deploy.0 = Release|Any CPU
		{89E83FD6-327A-4976-B720-E28B0970F516}.Ad-Hoc|Windows-x64.ActiveCfg = Release|Any CPU
		{89E83FD6-327A-4976-B720-E28B0970F516}.Ad-Hoc|Windows-x64.Build.0 = Release|Any CPU
		{89E83FD6-327A-4976-B720-E28B0970F516}.Ad-Hoc|Windows-x64.Deploy.0 = Release|Any CPU
		{89E83FD6-327A-4976-B720-E28B0970F516}.Ad-Hoc|Windows-x86.ActiveCfg = Release|Any CPU
		{89E83FD6-327A-4976-B720-E28B0970F516}.Ad-Hoc|Windows-x86.Build.0 = Release|Any CPU
		{89E83FD6-327A-4976-B720-E28B0970F516}.Ad-Hoc|Windows-x86.Deploy.0 = Release|Any CPU
		{89E83FD6-327A-4976-B720-E28B0970F516}.Ad-Hoc|x64.ActiveCfg = Release|Any CPU
		{89E83FD6-327A-4976-B720-E28B0970F516}.Ad-Hoc|x64.Build.0 = Release|Any CPU
		{89E83FD6-327A-4976-B720-E28B0970F516}.Ad-Hoc|x64.Deploy.0 = Release|Any CPU
		{89E83FD6-327A-4976-B720-E28B0970F516}.Ad-Hoc|x86.ActiveCfg = Release|Any CPU
		{89E83FD6-327A-4976-B720-E28B0970F516}.Ad-Hoc|x86.Build.0 = Release|Any CPU
		{89E83FD6-327A-4976-B720-E28B0970F516}.Ad-Hoc|x86.Deploy.0 = Release|Any CPU
		{89E83FD6-327A-4976-B720-E28B0970F516}.AppStore|Android.ActiveCfg = Release|Any CPU
		{89E83FD6-327A-4976-B720-E28B0970F516}.AppStore|Android.Build.0 = Release|Any CPU
		{89E83FD6-327A-4976-B720-E28B0970F516}.AppStore|Android.Deploy.0 = Release|Any CPU
		{89E83FD6-327A-4976-B720-E28B0970F516}.AppStore|Any CPU.ActiveCfg = Debug|Any CPU
		{89E83FD6-327A-4976-B720-E28B0970F516}.AppStore|Any CPU.Build.0 = Debug|Any CPU
		{89E83FD6-327A-4976-B720-E28B0970F516}.AppStore|Any CPU.Deploy.0 = Debug|Any CPU
		{89E83FD6-327A-4976-B720-E28B0970F516}.AppStore|ARM.ActiveCfg = Release|Any CPU
		{89E83FD6-327A-4976-B720-E28B0970F516}.AppStore|ARM.Build.0 = Release|Any CPU
		{89E83FD6-327A-4976-B720-E28B0970F516}.AppStore|ARM.Deploy.0 = Release|Any CPU
		{89E83FD6-327A-4976-B720-E28B0970F516}.AppStore|iOS.ActiveCfg = Release|Any CPU
		{89E83FD6-327A-4976-B720-E28B0970F516}.AppStore|iOS.Build.0 = Release|Any CPU
		{89E83FD6-327A-4976-B720-E28B0970F516}.AppStore|iOS.Deploy.0 = Release|Any CPU
		{89E83FD6-327A-4976-B720-E28B0970F516}.AppStore|iPhone.ActiveCfg = Release|Any CPU
		{89E83FD6-327A-4976-B720-E28B0970F516}.AppStore|iPhone.Build.0 = Release|Any CPU
		{89E83FD6-327A-4976-B720-E28B0970F516}.AppStore|iPhoneSimulator.ActiveCfg = Debug|Any CPU
		{89E83FD6-327A-4976-B720-E28B0970F516}.AppStore|iPhoneSimulator.Build.0 = Debug|Any CPU
		{89E83FD6-327A-4976-B720-E28B0970F516}.AppStore|iPhoneSimulator.Deploy.0 = Debug|Any CPU
		{89E83FD6-327A-4976-B720-E28B0970F516}.AppStore|Windows Phone (Universal).ActiveCfg = Release|Any CPU
		{89E83FD6-327A-4976-B720-E28B0970F516}.AppStore|Windows Phone (Universal).Build.0 = Release|Any CPU
		{89E83FD6-327A-4976-B720-E28B0970F516}.AppStore|Windows Phone (Universal).Deploy.0 = Release|Any CPU
		{89E83FD6-327A-4976-B720-E28B0970F516}.AppStore|Windows Phone 8.ActiveCfg = Release|Any CPU
		{89E83FD6-327A-4976-B720-E28B0970F516}.AppStore|Windows Phone 8.Build.0 = Release|Any CPU
		{89E83FD6-327A-4976-B720-E28B0970F516}.AppStore|Windows Phone 8.Deploy.0 = Release|Any CPU
		{89E83FD6-327A-4976-B720-E28B0970F516}.AppStore|Windows-AnyCPU.ActiveCfg = Release|Any CPU
		{89E83FD6-327A-4976-B720-E28B0970F516}.AppStore|Windows-AnyCPU.Build.0 = Release|Any CPU
		{89E83FD6-327A-4976-B720-E28B0970F516}.AppStore|Windows-AnyCPU.Deploy.0 = Release|Any CPU
		{89E83FD6-327A-4976-B720-E28B0970F516}.AppStore|Windows-ARM.ActiveCfg = Release|Any CPU
		{89E83FD6-327A-4976-B720-E28B0970F516}.AppStore|Windows-ARM.Build.0 = Release|Any CPU
		{89E83FD6-327A-4976-B720-E28B0970F516}.AppStore|Windows-ARM.Deploy.0 = Release|Any CPU
		{89E83FD6-327A-4976-B720-E28B0970F516}.AppStore|Windows-x64.ActiveCfg = Release|Any CPU
		{89E83FD6-327A-4976-B720-E28B0970F516}.AppStore|Windows-x64.Build.0 = Release|Any CPU
		{89E83FD6-327A-4976-B720-E28B0970F516}.AppStore|Windows-x64.Deploy.0 = Release|Any CPU
		{89E83FD6-327A-4976-B720-E28B0970F516}.AppStore|Windows-x86.ActiveCfg = Release|Any CPU
		{89E83FD6-327A-4976-B720-E28B0970F516}.AppStore|Windows-x86.Build.0 = Release|Any CPU
		{89E83FD6-327A-4976-B720-E28B0970F516}.AppStore|Windows-x86.Deploy.0 = Release|Any CPU
		{89E83FD6-327A-4976-B720-E28B0970F516}.AppStore|x64.ActiveCfg = Release|Any CPU
		{89E83FD6-327A-4976-B720-E28B0970F516}.AppStore|x64.Build.0 = Release|Any CPU
		{89E83FD6-327A-4976-B720-E28B0970F516}.AppStore|x64.Deploy.0 = Release|Any CPU
		{89E83FD6-327A-4976-B720-E28B0970F516}.AppStore|x86.ActiveCfg = Release|Any CPU
		{89E83FD6-327A-4976-B720-E28B0970F516}.AppStore|x86.Build.0 = Release|Any CPU
		{89E83FD6-327A-4976-B720-E28B0970F516}.AppStore|x86.Deploy.0 = Release|Any CPU
		{89E83FD6-327A-4976-B720-E28B0970F516}.Debug|Android.ActiveCfg = Debug|Any CPU
		{89E83FD6-327A-4976-B720-E28B0970F516}.Debug|Android.Build.0 = Debug|Any CPU
		{89E83FD6-327A-4976-B720-E28B0970F516}.Debug|Android.Deploy.0 = Debug|Any CPU
		{89E83FD6-327A-4976-B720-E28B0970F516}.Debug|Any CPU.ActiveCfg = Debug|Any CPU
		{89E83FD6-327A-4976-B720-E28B0970F516}.Debug|Any CPU.Build.0 = Debug|Any CPU
		{89E83FD6-327A-4976-B720-E28B0970F516}.Debug|Any CPU.Deploy.0 = Debug|Any CPU
		{89E83FD6-327A-4976-B720-E28B0970F516}.Debug|ARM.ActiveCfg = Debug|Any CPU
		{89E83FD6-327A-4976-B720-E28B0970F516}.Debug|ARM.Build.0 = Debug|Any CPU
		{89E83FD6-327A-4976-B720-E28B0970F516}.Debug|ARM.Deploy.0 = Debug|Any CPU
		{89E83FD6-327A-4976-B720-E28B0970F516}.Debug|iOS.ActiveCfg = Debug|Any CPU
		{89E83FD6-327A-4976-B720-E28B0970F516}.Debug|iOS.Build.0 = Debug|Any CPU
		{89E83FD6-327A-4976-B720-E28B0970F516}.Debug|iOS.Deploy.0 = Debug|Any CPU
		{89E83FD6-327A-4976-B720-E28B0970F516}.Debug|iPhone.ActiveCfg = Debug|Any CPU
		{89E83FD6-327A-4976-B720-E28B0970F516}.Debug|iPhone.Build.0 = Debug|Any CPU
		{89E83FD6-327A-4976-B720-E28B0970F516}.Debug|iPhoneSimulator.ActiveCfg = Debug|Any CPU
		{89E83FD6-327A-4976-B720-E28B0970F516}.Debug|iPhoneSimulator.Build.0 = Debug|Any CPU
		{89E83FD6-327A-4976-B720-E28B0970F516}.Debug|Windows Phone (Universal).ActiveCfg = Debug|Any CPU
		{89E83FD6-327A-4976-B720-E28B0970F516}.Debug|Windows Phone (Universal).Build.0 = Debug|Any CPU
		{89E83FD6-327A-4976-B720-E28B0970F516}.Debug|Windows Phone (Universal).Deploy.0 = Debug|Any CPU
		{89E83FD6-327A-4976-B720-E28B0970F516}.Debug|Windows Phone 8.ActiveCfg = Debug|Any CPU
		{89E83FD6-327A-4976-B720-E28B0970F516}.Debug|Windows Phone 8.Build.0 = Debug|Any CPU
		{89E83FD6-327A-4976-B720-E28B0970F516}.Debug|Windows Phone 8.Deploy.0 = Debug|Any CPU
		{89E83FD6-327A-4976-B720-E28B0970F516}.Debug|Windows-AnyCPU.ActiveCfg = Debug|Any CPU
		{89E83FD6-327A-4976-B720-E28B0970F516}.Debug|Windows-AnyCPU.Build.0 = Debug|Any CPU
		{89E83FD6-327A-4976-B720-E28B0970F516}.Debug|Windows-AnyCPU.Deploy.0 = Debug|Any CPU
		{89E83FD6-327A-4976-B720-E28B0970F516}.Debug|Windows-ARM.ActiveCfg = Debug|Any CPU
		{89E83FD6-327A-4976-B720-E28B0970F516}.Debug|Windows-ARM.Build.0 = Debug|Any CPU
		{89E83FD6-327A-4976-B720-E28B0970F516}.Debug|Windows-ARM.Deploy.0 = Debug|Any CPU
		{89E83FD6-327A-4976-B720-E28B0970F516}.Debug|Windows-x64.ActiveCfg = Debug|Any CPU
		{89E83FD6-327A-4976-B720-E28B0970F516}.Debug|Windows-x64.Build.0 = Debug|Any CPU
		{89E83FD6-327A-4976-B720-E28B0970F516}.Debug|Windows-x64.Deploy.0 = Debug|Any CPU
		{89E83FD6-327A-4976-B720-E28B0970F516}.Debug|Windows-x86.ActiveCfg = Debug|Any CPU
		{89E83FD6-327A-4976-B720-E28B0970F516}.Debug|Windows-x86.Build.0 = Debug|Any CPU
		{89E83FD6-327A-4976-B720-E28B0970F516}.Debug|Windows-x86.Deploy.0 = Debug|Any CPU
		{89E83FD6-327A-4976-B720-E28B0970F516}.Debug|x64.ActiveCfg = Debug|Any CPU
		{89E83FD6-327A-4976-B720-E28B0970F516}.Debug|x64.Build.0 = Debug|Any CPU
		{89E83FD6-327A-4976-B720-E28B0970F516}.Debug|x64.Deploy.0 = Debug|Any CPU
		{89E83FD6-327A-4976-B720-E28B0970F516}.Debug|x86.ActiveCfg = Debug|Any CPU
		{89E83FD6-327A-4976-B720-E28B0970F516}.Debug|x86.Build.0 = Debug|Any CPU
		{89E83FD6-327A-4976-B720-E28B0970F516}.Debug|x86.Deploy.0 = Debug|Any CPU
		{89E83FD6-327A-4976-B720-E28B0970F516}.Release|Android.ActiveCfg = Release|Any CPU
		{89E83FD6-327A-4976-B720-E28B0970F516}.Release|Android.Build.0 = Release|Any CPU
		{89E83FD6-327A-4976-B720-E28B0970F516}.Release|Android.Deploy.0 = Release|Any CPU
		{89E83FD6-327A-4976-B720-E28B0970F516}.Release|Any CPU.ActiveCfg = Release|Any CPU
		{89E83FD6-327A-4976-B720-E28B0970F516}.Release|Any CPU.Build.0 = Release|Any CPU
		{89E83FD6-327A-4976-B720-E28B0970F516}.Release|ARM.ActiveCfg = Release|Any CPU
		{89E83FD6-327A-4976-B720-E28B0970F516}.Release|ARM.Build.0 = Release|Any CPU
		{89E83FD6-327A-4976-B720-E28B0970F516}.Release|ARM.Deploy.0 = Release|Any CPU
		{89E83FD6-327A-4976-B720-E28B0970F516}.Release|iOS.ActiveCfg = Release|Any CPU
		{89E83FD6-327A-4976-B720-E28B0970F516}.Release|iOS.Build.0 = Release|Any CPU
		{89E83FD6-327A-4976-B720-E28B0970F516}.Release|iOS.Deploy.0 = Release|Any CPU
		{89E83FD6-327A-4976-B720-E28B0970F516}.Release|iPhone.ActiveCfg = Release|Any CPU
		{89E83FD6-327A-4976-B720-E28B0970F516}.Release|iPhone.Build.0 = Release|Any CPU
		{89E83FD6-327A-4976-B720-E28B0970F516}.Release|iPhoneSimulator.ActiveCfg = Release|Any CPU
		{89E83FD6-327A-4976-B720-E28B0970F516}.Release|iPhoneSimulator.Build.0 = Release|Any CPU
		{89E83FD6-327A-4976-B720-E28B0970F516}.Release|Windows Phone (Universal).ActiveCfg = Release|Any CPU
		{89E83FD6-327A-4976-B720-E28B0970F516}.Release|Windows Phone (Universal).Build.0 = Release|Any CPU
		{89E83FD6-327A-4976-B720-E28B0970F516}.Release|Windows Phone (Universal).Deploy.0 = Release|Any CPU
		{89E83FD6-327A-4976-B720-E28B0970F516}.Release|Windows Phone 8.ActiveCfg = Release|Any CPU
		{89E83FD6-327A-4976-B720-E28B0970F516}.Release|Windows Phone 8.Build.0 = Release|Any CPU
		{89E83FD6-327A-4976-B720-E28B0970F516}.Release|Windows Phone 8.Deploy.0 = Release|Any CPU
		{89E83FD6-327A-4976-B720-E28B0970F516}.Release|Windows-AnyCPU.ActiveCfg = Release|Any CPU
		{89E83FD6-327A-4976-B720-E28B0970F516}.Release|Windows-AnyCPU.Build.0 = Release|Any CPU
		{89E83FD6-327A-4976-B720-E28B0970F516}.Release|Windows-AnyCPU.Deploy.0 = Release|Any CPU
		{89E83FD6-327A-4976-B720-E28B0970F516}.Release|Windows-ARM.ActiveCfg = Release|Any CPU
		{89E83FD6-327A-4976-B720-E28B0970F516}.Release|Windows-ARM.Build.0 = Release|Any CPU
		{89E83FD6-327A-4976-B720-E28B0970F516}.Release|Windows-ARM.Deploy.0 = Release|Any CPU
		{89E83FD6-327A-4976-B720-E28B0970F516}.Release|Windows-x64.ActiveCfg = Release|Any CPU
		{89E83FD6-327A-4976-B720-E28B0970F516}.Release|Windows-x64.Build.0 = Release|Any CPU
		{89E83FD6-327A-4976-B720-E28B0970F516}.Release|Windows-x64.Deploy.0 = Release|Any CPU
		{89E83FD6-327A-4976-B720-E28B0970F516}.Release|Windows-x86.ActiveCfg = Release|Any CPU
		{89E83FD6-327A-4976-B720-E28B0970F516}.Release|Windows-x86.Build.0 = Release|Any CPU
		{89E83FD6-327A-4976-B720-E28B0970F516}.Release|Windows-x86.Deploy.0 = Release|Any CPU
		{89E83FD6-327A-4976-B720-E28B0970F516}.Release|x64.ActiveCfg = Release|Any CPU
		{89E83FD6-327A-4976-B720-E28B0970F516}.Release|x64.Build.0 = Release|Any CPU
		{89E83FD6-327A-4976-B720-E28B0970F516}.Release|x64.Deploy.0 = Release|Any CPU
		{89E83FD6-327A-4976-B720-E28B0970F516}.Release|x86.ActiveCfg = Release|Any CPU
		{89E83FD6-327A-4976-B720-E28B0970F516}.Release|x86.Build.0 = Release|Any CPU
		{89E83FD6-327A-4976-B720-E28B0970F516}.Release|x86.Deploy.0 = Release|Any CPU
		{1083953C-45E3-4A81-B21D-467338062990}.Ad-Hoc|Android.ActiveCfg = Release|Any CPU
		{1083953C-45E3-4A81-B21D-467338062990}.Ad-Hoc|Android.Build.0 = Release|Any CPU
		{1083953C-45E3-4A81-B21D-467338062990}.Ad-Hoc|Any CPU.ActiveCfg = Release|Any CPU
		{1083953C-45E3-4A81-B21D-467338062990}.Ad-Hoc|Any CPU.Build.0 = Release|Any CPU
		{1083953C-45E3-4A81-B21D-467338062990}.Ad-Hoc|ARM.ActiveCfg = Release|Any CPU
		{1083953C-45E3-4A81-B21D-467338062990}.Ad-Hoc|ARM.Build.0 = Release|Any CPU
		{1083953C-45E3-4A81-B21D-467338062990}.Ad-Hoc|iOS.ActiveCfg = Release|Any CPU
		{1083953C-45E3-4A81-B21D-467338062990}.Ad-Hoc|iOS.Build.0 = Release|Any CPU
		{1083953C-45E3-4A81-B21D-467338062990}.Ad-Hoc|iPhone.ActiveCfg = Release|Any CPU
		{1083953C-45E3-4A81-B21D-467338062990}.Ad-Hoc|iPhone.Build.0 = Release|Any CPU
		{1083953C-45E3-4A81-B21D-467338062990}.Ad-Hoc|iPhoneSimulator.ActiveCfg = Release|Any CPU
		{1083953C-45E3-4A81-B21D-467338062990}.Ad-Hoc|iPhoneSimulator.Build.0 = Release|Any CPU
		{1083953C-45E3-4A81-B21D-467338062990}.Ad-Hoc|Windows Phone (Universal).ActiveCfg = Release|Any CPU
		{1083953C-45E3-4A81-B21D-467338062990}.Ad-Hoc|Windows Phone (Universal).Build.0 = Release|Any CPU
		{1083953C-45E3-4A81-B21D-467338062990}.Ad-Hoc|Windows Phone 8.ActiveCfg = Release|Any CPU
		{1083953C-45E3-4A81-B21D-467338062990}.Ad-Hoc|Windows Phone 8.Build.0 = Release|Any CPU
		{1083953C-45E3-4A81-B21D-467338062990}.Ad-Hoc|Windows-AnyCPU.ActiveCfg = Release|Any CPU
		{1083953C-45E3-4A81-B21D-467338062990}.Ad-Hoc|Windows-AnyCPU.Build.0 = Release|Any CPU
		{1083953C-45E3-4A81-B21D-467338062990}.Ad-Hoc|Windows-ARM.ActiveCfg = Release|Any CPU
		{1083953C-45E3-4A81-B21D-467338062990}.Ad-Hoc|Windows-ARM.Build.0 = Release|Any CPU
		{1083953C-45E3-4A81-B21D-467338062990}.Ad-Hoc|Windows-x64.ActiveCfg = Release|Any CPU
		{1083953C-45E3-4A81-B21D-467338062990}.Ad-Hoc|Windows-x64.Build.0 = Release|Any CPU
		{1083953C-45E3-4A81-B21D-467338062990}.Ad-Hoc|Windows-x86.ActiveCfg = Release|Any CPU
		{1083953C-45E3-4A81-B21D-467338062990}.Ad-Hoc|Windows-x86.Build.0 = Release|Any CPU
		{1083953C-45E3-4A81-B21D-467338062990}.Ad-Hoc|x64.ActiveCfg = Release|Any CPU
		{1083953C-45E3-4A81-B21D-467338062990}.Ad-Hoc|x64.Build.0 = Release|Any CPU
		{1083953C-45E3-4A81-B21D-467338062990}.Ad-Hoc|x86.ActiveCfg = Release|Any CPU
		{1083953C-45E3-4A81-B21D-467338062990}.Ad-Hoc|x86.Build.0 = Release|Any CPU
		{1083953C-45E3-4A81-B21D-467338062990}.AppStore|Android.ActiveCfg = Release|Any CPU
		{1083953C-45E3-4A81-B21D-467338062990}.AppStore|Android.Build.0 = Release|Any CPU
		{1083953C-45E3-4A81-B21D-467338062990}.AppStore|Any CPU.ActiveCfg = Release|Any CPU
		{1083953C-45E3-4A81-B21D-467338062990}.AppStore|Any CPU.Build.0 = Release|Any CPU
		{1083953C-45E3-4A81-B21D-467338062990}.AppStore|ARM.ActiveCfg = Release|Any CPU
		{1083953C-45E3-4A81-B21D-467338062990}.AppStore|ARM.Build.0 = Release|Any CPU
		{1083953C-45E3-4A81-B21D-467338062990}.AppStore|iOS.ActiveCfg = Release|Any CPU
		{1083953C-45E3-4A81-B21D-467338062990}.AppStore|iOS.Build.0 = Release|Any CPU
		{1083953C-45E3-4A81-B21D-467338062990}.AppStore|iPhone.ActiveCfg = Release|Any CPU
		{1083953C-45E3-4A81-B21D-467338062990}.AppStore|iPhone.Build.0 = Release|Any CPU
		{1083953C-45E3-4A81-B21D-467338062990}.AppStore|iPhoneSimulator.ActiveCfg = Release|Any CPU
		{1083953C-45E3-4A81-B21D-467338062990}.AppStore|iPhoneSimulator.Build.0 = Release|Any CPU
		{1083953C-45E3-4A81-B21D-467338062990}.AppStore|Windows Phone (Universal).ActiveCfg = Release|Any CPU
		{1083953C-45E3-4A81-B21D-467338062990}.AppStore|Windows Phone (Universal).Build.0 = Release|Any CPU
		{1083953C-45E3-4A81-B21D-467338062990}.AppStore|Windows Phone 8.ActiveCfg = Release|Any CPU
		{1083953C-45E3-4A81-B21D-467338062990}.AppStore|Windows Phone 8.Build.0 = Release|Any CPU
		{1083953C-45E3-4A81-B21D-467338062990}.AppStore|Windows-AnyCPU.ActiveCfg = Release|Any CPU
		{1083953C-45E3-4A81-B21D-467338062990}.AppStore|Windows-AnyCPU.Build.0 = Release|Any CPU
		{1083953C-45E3-4A81-B21D-467338062990}.AppStore|Windows-ARM.ActiveCfg = Release|Any CPU
		{1083953C-45E3-4A81-B21D-467338062990}.AppStore|Windows-ARM.Build.0 = Release|Any CPU
		{1083953C-45E3-4A81-B21D-467338062990}.AppStore|Windows-x64.ActiveCfg = Release|Any CPU
		{1083953C-45E3-4A81-B21D-467338062990}.AppStore|Windows-x64.Build.0 = Release|Any CPU
		{1083953C-45E3-4A81-B21D-467338062990}.AppStore|Windows-x86.ActiveCfg = Release|Any CPU
		{1083953C-45E3-4A81-B21D-467338062990}.AppStore|Windows-x86.Build.0 = Release|Any CPU
		{1083953C-45E3-4A81-B21D-467338062990}.AppStore|x64.ActiveCfg = Release|Any CPU
		{1083953C-45E3-4A81-B21D-467338062990}.AppStore|x64.Build.0 = Release|Any CPU
		{1083953C-45E3-4A81-B21D-467338062990}.AppStore|x86.ActiveCfg = Release|Any CPU
		{1083953C-45E3-4A81-B21D-467338062990}.AppStore|x86.Build.0 = Release|Any CPU
		{1083953C-45E3-4A81-B21D-467338062990}.Debug|Android.ActiveCfg = Debug|Any CPU
		{1083953C-45E3-4A81-B21D-467338062990}.Debug|Android.Build.0 = Debug|Any CPU
		{1083953C-45E3-4A81-B21D-467338062990}.Debug|Any CPU.ActiveCfg = Debug|Any CPU
		{1083953C-45E3-4A81-B21D-467338062990}.Debug|Any CPU.Build.0 = Debug|Any CPU
		{1083953C-45E3-4A81-B21D-467338062990}.Debug|ARM.ActiveCfg = Debug|Any CPU
		{1083953C-45E3-4A81-B21D-467338062990}.Debug|ARM.Build.0 = Debug|Any CPU
		{1083953C-45E3-4A81-B21D-467338062990}.Debug|iOS.ActiveCfg = Debug|Any CPU
		{1083953C-45E3-4A81-B21D-467338062990}.Debug|iOS.Build.0 = Debug|Any CPU
		{1083953C-45E3-4A81-B21D-467338062990}.Debug|iPhone.ActiveCfg = Debug|Any CPU
		{1083953C-45E3-4A81-B21D-467338062990}.Debug|iPhone.Build.0 = Debug|Any CPU
		{1083953C-45E3-4A81-B21D-467338062990}.Debug|iPhoneSimulator.ActiveCfg = Debug|Any CPU
		{1083953C-45E3-4A81-B21D-467338062990}.Debug|iPhoneSimulator.Build.0 = Debug|Any CPU
		{1083953C-45E3-4A81-B21D-467338062990}.Debug|Windows Phone (Universal).ActiveCfg = Debug|Any CPU
		{1083953C-45E3-4A81-B21D-467338062990}.Debug|Windows Phone (Universal).Build.0 = Debug|Any CPU
		{1083953C-45E3-4A81-B21D-467338062990}.Debug|Windows Phone 8.ActiveCfg = Debug|Any CPU
		{1083953C-45E3-4A81-B21D-467338062990}.Debug|Windows Phone 8.Build.0 = Debug|Any CPU
		{1083953C-45E3-4A81-B21D-467338062990}.Debug|Windows-AnyCPU.ActiveCfg = Debug|Any CPU
		{1083953C-45E3-4A81-B21D-467338062990}.Debug|Windows-AnyCPU.Build.0 = Debug|Any CPU
		{1083953C-45E3-4A81-B21D-467338062990}.Debug|Windows-ARM.ActiveCfg = Debug|Any CPU
		{1083953C-45E3-4A81-B21D-467338062990}.Debug|Windows-ARM.Build.0 = Debug|Any CPU
		{1083953C-45E3-4A81-B21D-467338062990}.Debug|Windows-x64.ActiveCfg = Debug|Any CPU
		{1083953C-45E3-4A81-B21D-467338062990}.Debug|Windows-x64.Build.0 = Debug|Any CPU
		{1083953C-45E3-4A81-B21D-467338062990}.Debug|Windows-x86.ActiveCfg = Debug|Any CPU
		{1083953C-45E3-4A81-B21D-467338062990}.Debug|Windows-x86.Build.0 = Debug|Any CPU
		{1083953C-45E3-4A81-B21D-467338062990}.Debug|x64.ActiveCfg = Debug|Any CPU
		{1083953C-45E3-4A81-B21D-467338062990}.Debug|x64.Build.0 = Debug|Any CPU
		{1083953C-45E3-4A81-B21D-467338062990}.Debug|x86.ActiveCfg = Debug|Any CPU
		{1083953C-45E3-4A81-B21D-467338062990}.Debug|x86.Build.0 = Debug|Any CPU
		{1083953C-45E3-4A81-B21D-467338062990}.Release|Android.ActiveCfg = Release|Any CPU
		{1083953C-45E3-4A81-B21D-467338062990}.Release|Android.Build.0 = Release|Any CPU
		{1083953C-45E3-4A81-B21D-467338062990}.Release|Any CPU.ActiveCfg = Release|Any CPU
		{1083953C-45E3-4A81-B21D-467338062990}.Release|Any CPU.Build.0 = Release|Any CPU
		{1083953C-45E3-4A81-B21D-467338062990}.Release|ARM.ActiveCfg = Release|Any CPU
		{1083953C-45E3-4A81-B21D-467338062990}.Release|ARM.Build.0 = Release|Any CPU
		{1083953C-45E3-4A81-B21D-467338062990}.Release|iOS.ActiveCfg = Release|Any CPU
		{1083953C-45E3-4A81-B21D-467338062990}.Release|iOS.Build.0 = Release|Any CPU
		{1083953C-45E3-4A81-B21D-467338062990}.Release|iPhone.ActiveCfg = Release|Any CPU
		{1083953C-45E3-4A81-B21D-467338062990}.Release|iPhone.Build.0 = Release|Any CPU
		{1083953C-45E3-4A81-B21D-467338062990}.Release|iPhoneSimulator.ActiveCfg = Release|Any CPU
		{1083953C-45E3-4A81-B21D-467338062990}.Release|iPhoneSimulator.Build.0 = Release|Any CPU
		{1083953C-45E3-4A81-B21D-467338062990}.Release|Windows Phone (Universal).ActiveCfg = Release|Any CPU
		{1083953C-45E3-4A81-B21D-467338062990}.Release|Windows Phone (Universal).Build.0 = Release|Any CPU
		{1083953C-45E3-4A81-B21D-467338062990}.Release|Windows Phone 8.ActiveCfg = Release|Any CPU
		{1083953C-45E3-4A81-B21D-467338062990}.Release|Windows Phone 8.Build.0 = Release|Any CPU
		{1083953C-45E3-4A81-B21D-467338062990}.Release|Windows-AnyCPU.ActiveCfg = Release|Any CPU
		{1083953C-45E3-4A81-B21D-467338062990}.Release|Windows-AnyCPU.Build.0 = Release|Any CPU
		{1083953C-45E3-4A81-B21D-467338062990}.Release|Windows-ARM.ActiveCfg = Release|Any CPU
		{1083953C-45E3-4A81-B21D-467338062990}.Release|Windows-ARM.Build.0 = Release|Any CPU
		{1083953C-45E3-4A81-B21D-467338062990}.Release|Windows-x64.ActiveCfg = Release|Any CPU
		{1083953C-45E3-4A81-B21D-467338062990}.Release|Windows-x64.Build.0 = Release|Any CPU
		{1083953C-45E3-4A81-B21D-467338062990}.Release|Windows-x86.ActiveCfg = Release|Any CPU
		{1083953C-45E3-4A81-B21D-467338062990}.Release|Windows-x86.Build.0 = Release|Any CPU
		{1083953C-45E3-4A81-B21D-467338062990}.Release|x64.ActiveCfg = Release|Any CPU
		{1083953C-45E3-4A81-B21D-467338062990}.Release|x64.Build.0 = Release|Any CPU
		{1083953C-45E3-4A81-B21D-467338062990}.Release|x86.ActiveCfg = Release|Any CPU
		{1083953C-45E3-4A81-B21D-467338062990}.Release|x86.Build.0 = Release|Any CPU
	EndGlobalSection
	GlobalSection(SolutionProperties) = preSolution
		HideSolutionNode = FALSE
	EndGlobalSection
	GlobalSection(MonoDevelopProperties) = preSolution
		StartupItem = Location.iOS\Location.iOS.csproj
	EndGlobalSection
EndGlobal
